
Microsoft Visual Studio Solution File, Format Version 12.00
Project("{FAE04EC0-301F-11D3-BF4B-00C04F79EFBC}") = "Editor", "Editor\Editor.csproj", "{90899B8B-FA75-4284-BFDB-04BDD5B2EBF9}"
EndProject
Global
	GlobalSection(SolutionConfigurationPlatforms) = preSolution
		Debug|Any CPU = Debug|Any CPU
		Release|Any CPU = Release|Any CPU
	EndGlobalSection
	GlobalSection(ProjectConfigurationPlatforms) = postSolution
		{90899B8B-FA75-4284-BFDB-04BDD5B2EBF9}.Debug|Any CPU.ActiveCfg = Debug|Any CPU
		{90899B8B-FA75-4284-BFDB-04BDD5B2EBF9}.Debug|Any CPU.Build.0 = Debug|Any CPU
		{90899B8B-FA75-4284-BFDB-04BDD5B2EBF9}.Release|Any CPU.ActiveCfg = Release|Any CPU
		{90899B8B-FA75-4284-BFDB-04BDD5B2EBF9}.Release|Any CPU.Build.0 = Release|Any CPU
	EndGlobalSection
EndGlobal
